schema: '2.0'
stages:
  data_ingestion:
    cmd: python src/jobSalaryPrediction/pipeline/data_ingestion_pipeline.py
    deps:
    - path: config/config.yaml
      hash: md5
      md5: 9312d491ed64650363ab8127ae6886ff
      size: 1006
    - path: src/jobSalaryPrediction/components/data_ingestion.py
      hash: md5
      md5: 5e65924538a437435d98611f758e4d88
      size: 1001
    outs:
    - path: artifact/data_ingestion/data.zip
      hash: md5
      md5: c8e645f0e3260ea168e34920967a6285
      size: 3015144
    - path: artifact/data_ingestion/job_salary_prediction_dataset.csv
      hash: md5
      md5: 5aa080a82b2557b3ec963e9b3644ce6c
      size: 17139005
  data_validation:
    cmd: python src/jobSalaryPrediction/pipeline/data_validation_pipeline.py
    deps:
    - path: artifact/data_ingestion/job_salary_prediction_dataset.csv
      hash: md5
      md5: 5aa080a82b2557b3ec963e9b3644ce6c
      size: 17139005
    - path: config/config.yaml
      hash: md5
      md5: 9312d491ed64650363ab8127ae6886ff
      size: 1006
    - path: config/schema.yaml
      hash: md5
      md5: b43787277f6dcc3c0cdecd7c8bcca14f
      size: 256
    - path: src/jobSalaryPrediction/components/data_validation.py
      hash: md5
      md5: 4692f7a4c52be04a46bd9776484d2e8f
      size: 1083
    outs:
    - path: artifact/data_validation/status.txt
      hash: md5
      md5: 86e6a2f694c57a675b3e2da6b95ff9ba
      size: 23
  data_transformation:
    cmd: python src/jobSalaryPrediction/pipeline/data_transformation_pipeline.py
    deps:
    - path: artifact/data_ingestion/job_salary_prediction_dataset.csv
      hash: md5
      md5: 5aa080a82b2557b3ec963e9b3644ce6c
      size: 17139005
    - path: config/config.yaml
      hash: md5
      md5: 9312d491ed64650363ab8127ae6886ff
      size: 1006
    - path: src/jobSalaryPrediction/components/data_transformation.py
      hash: md5
      md5: 656d0b93fc1fca0cd5ab76ce7926a26f
      size: 2530
    outs:
    - path: artifact/data_transformation/pipeline.pkl
      hash: md5
      md5: 64f00b3e61434928cd1db4e7513a669c
      size: 4225
    - path: artifact/data_transformation/x_train.pkl
      hash: md5
      md5: f39e40611a49ec5b5a8747592ab69e96
      size: 17469420
    - path: artifact/data_transformation/x_val.pkl
      hash: md5
      md5: ac0894018b24ded73778e9b66bcfcb39
      size: 7483212
    - path: artifact/data_transformation/y_train.pkl
      hash: md5
      md5: f9327e3ebf1a79a72a7c91e35cd0d5d7
      size: 1400241
    - path: artifact/data_transformation/y_val.pkl
      hash: md5
      md5: b6c215f366ab395a35c755d85eb31bad
      size: 600241
  model_building:
    cmd: python src/jobSalaryPrediction/pipeline/model_building_pipeline.py
    deps:
    - path: artifact/data_transformation/x_train.pkl
      hash: md5
      md5: f39e40611a49ec5b5a8747592ab69e96
      size: 17469420
    - path: artifact/data_transformation/y_train.pkl
      hash: md5
      md5: f9327e3ebf1a79a72a7c91e35cd0d5d7
      size: 1400241
    - path: config/config.yaml
      hash: md5
      md5: 9312d491ed64650363ab8127ae6886ff
      size: 1006
    - path: config/params.yaml
      hash: md5
      md5: d5a2c31c7a6ff0a5da30b5e75b0d1f74
      size: 118
    - path: src/jobSalaryPrediction/components/model_building.py
      hash: md5
      md5: 932b990ecc1977226c06ca53ff9a92a3
      size: 1210
    params:
      config/params.yaml:
        model_params.learning_rate: 0.1554
        model_params.max_depth: 7
        model_params.min_samples_leaf: 4
        model_params.min_samples_split: 10
        model_params.n_estimators: 90
    outs:
    - path: artifact/build_model/model.pkl
      hash: md5
      md5: a112370bd17bf097309a7304ff70b8b5
      size: 1644056
    - path: artifact/model_id.txt
      hash: md5
      md5: 6e4ad92cfc9c94d1691123f62d120206
      size: 34
    - path: artifact/run_id.txt
      hash: md5
      md5: f16b03ade301a68873041156f31ce21b
      size: 32
  model_evaluation:
    cmd: python src/jobSalaryPrediction/pipeline/model_evaluation_pipeline.py
    deps:
    - path: artifact/build_model/model.pkl
      hash: md5
      md5: a112370bd17bf097309a7304ff70b8b5
      size: 1644056
    - path: artifact/data_transformation/x_val.pkl
      hash: md5
      md5: ac0894018b24ded73778e9b66bcfcb39
      size: 7483212
    - path: artifact/data_transformation/y_val.pkl
      hash: md5
      md5: b6c215f366ab395a35c755d85eb31bad
      size: 600241
    - path: config/config.yaml
      hash: md5
      md5: 9312d491ed64650363ab8127ae6886ff
      size: 1006
    - path: src/jobSalaryPrediction/components/model_evaluation.py
      hash: md5
      md5: 63497f29c806960ab236b8b233c69af1
      size: 1026
    outs:
    - path: artifact/model_evaluation/mertic.json
      hash: md5
      md5: 9a5012a9630fb744e678cf27313667a5
      size: 92
